github.com/andyliuliming/gogomodule/mockexternals/tinyexternal v0.0.1 h1:JyIuLnytQ5J2i70Zom/pHv0O8g3U9IN12ZHS6OyGKXU=
github.com/andyliuliming/gogomodule/mockexternals/tinyexternal v0.0.1/go.mod h1:y5rxjwsJ4Dnt5dS+EowI0itq4dcMUX0yLZ/SSDQypFM=
github.com/andyliuliming/gogomodule/mockoverlaymgrsplits/client v0.0.1 h1:V2shLMwbhCSt9O4TCrv1HoxXQuIclfJfjDdRrqa/VRs=
github.com/andyliuliming/gogomodule/mockoverlaymgrsplits/client v0.0.1/go.mod h1:KgAWxd8YD7XJbywRm3ywIZJhYONRaID9S4mxHbABf3E=
